
Microsoft Visual Studio Solution File, Format Version 12.00
# Visual Studio Version 17
VisualStudioVersion = 17.4.33205.214
MinimumVisualStudioVersion = 10.0.40219.1
Project("{FAE04EC0-301F-11D3-BF4B-00C04F79EFBC}") = "dz_bd_2", "dz_bd_2\dz_bd_2.csproj", "{16497FFC-72A3-447E-8BE5-53C333831233}"
EndProject
Global
	GlobalSection(SolutionConfigurationPlatforms) = preSolution
		Debug|Any CPU = Debug|Any CPU
		Release|Any CPU = Release|Any CPU
	EndGlobalSection
	GlobalSection(ProjectConfigurationPlatforms) = postSolution
		{16497FFC-72A3-447E-8BE5-53C333831233}.Debug|Any CPU.ActiveCfg = Debug|Any CPU
		{16497FFC-72A3-447E-8BE5-53C333831233}.Debug|Any CPU.Build.0 = Debug|Any CPU
		{16497FFC-72A3-447E-8BE5-53C333831233}.Release|Any CPU.ActiveCfg = Release|Any CPU
		{16497FFC-72A3-447E-8BE5-53C333831233}.Release|Any CPU.Build.0 = Release|Any CPU
	EndGlobalSection
	GlobalSection(SolutionProperties) = preSolution
		HideSolutionNode = FALSE
	EndGlobalSection
	GlobalSection(ExtensibilityGlobals) = postSolution
		SolutionGuid = {F4CC21C7-FA22-419C-A5C7-F10C32216A00}
	EndGlobalSection
EndGlobal
